# THIS IS AN AUTOGENERATED FILE. DO NOT EDIT THIS FILE DIRECTLY.
# yarn lockfile v1


colors@^1.1.2:
  version "1.1.2"
  resolved "https://registry.yarnpkg.com/colors/-/colors-1.1.2.tgz#168a4701756b6a7f51a12ce0c97bfa28c084ed63"

diff@^3.4.0:
  version "3.4.0"
  resolved "https://registry.yarnpkg.com/diff/-/diff-3.4.0.tgz#b1d85507daf3964828de54b37d0d73ba67dda56c"

pretty-data@^0.40.0:
  version "0.40.0"
  resolved "https://registry.yarnpkg.com/pretty-data/-/pretty-data-0.40.0.tgz#572aa8ea23467467ab94b6b5266a6fd9c8fddd72"
